
Microsoft Visual Studio Solution File, Format Version 12.00
# Visual Studio 2013
VisualStudioVersion = 12.0.21005.1
MinimumVisualStudioVersion = 10.0.40219.1
Project("{FAE04EC0-301F-11D3-BF4B-00C04F79EFBC}") = "Base2e15", "Base2e15\Base2e15.csproj", "{8C1D896B-4C9D-49EC-8F6A-5215A66366E5}"
EndProject
Project("{FAE04EC0-301F-11D3-BF4B-00C04F79EFBC}") = "UnitTest", "UnitTest\UnitTest.csproj", "{383FB819-8843-4D54-BB4A-C81337922725}"
EndProject
Global
	GlobalSection(SolutionConfigurationPlatforms) = preSolution
		Debug|Any CPU = Debug|Any CPU
		Release|Any CPU = Release|Any CPU
	EndGlobalSection
	GlobalSection(ProjectConfigurationPlatforms) = postSolution
		{8C1D896B-4C9D-49EC-8F6A-5215A66366E5}.Debug|Any CPU.ActiveCfg = Debug|Any CPU
		{8C1D896B-4C9D-49EC-8F6A-5215A66366E5}.Debug|Any CPU.Build.0 = Debug|Any CPU
		{8C1D896B-4C9D-49EC-8F6A-5215A66366E5}.Release|Any CPU.ActiveCfg = Release|Any CPU
		{8C1D896B-4C9D-49EC-8F6A-5215A66366E5}.Release|Any CPU.Build.0 = Release|Any CPU
		{383FB819-8843-4D54-BB4A-C81337922725}.Debug|Any CPU.ActiveCfg = Debug|Any CPU
		{383FB819-8843-4D54-BB4A-C81337922725}.Debug|Any CPU.Build.0 = Debug|Any CPU
		{383FB819-8843-4D54-BB4A-C81337922725}.Release|Any CPU.ActiveCfg = Release|Any CPU
		{383FB819-8843-4D54-BB4A-C81337922725}.Release|Any CPU.Build.0 = Release|Any CPU
	EndGlobalSection
	GlobalSection(SolutionProperties) = preSolution
		HideSolutionNode = FALSE
	EndGlobalSection
EndGlobal
